
Microsoft Visual Studio Solution File, Format Version 12.00
# Visual Studio Version 16
VisualStudioVersion = 16.0.31624.102
MinimumVisualStudioVersion = 10.0.40219.1
Project("{FAE04EC0-301F-11D3-BF4B-00C04F79EFBC}") = "Chapter1", "Chapter1\Chapter1.csproj", "{0B5314B7-3E65-42C4-8C92-BF75CAEAB880}"
EndProject
Project("{2150E333-8FDC-42A3-9474-1A3956D46DE8}") = "Chapter1_files", "Chapter1_files", "{3CCB3D2A-F4A7-4C95-8439-4CC3E84990C9}"
EndProject
Project("{FAE04EC0-301F-11D3-BF4B-00C04F79EFBC}") = "Chapter1.ConsoleApp", "Chapter1.Console\Chapter1.ConsoleApp.csproj", "{4F237F66-94F2-4EC5-A994-4DC931824946}"
EndProject
Project("{2150E333-8FDC-42A3-9474-1A3956D46DE8}") = "Chapter2_files", "Chapter2_files", "{DBC1F3A7-3453-4686-9012-BAC0B9EFA479}"
EndProject
Project("{FAE04EC0-301F-11D3-BF4B-00C04F79EFBC}") = "LogAn", "LogAn\LogAn.csproj", "{BA5CBC16-CF26-4E06-B31F-A30F3FADDFE6}"
EndProject
Project("{FAE04EC0-301F-11D3-BF4B-00C04F79EFBC}") = "LogAn.UnitTests", "LogAn.UnitTests\LogAn.UnitTests.csproj", "{EDC599EF-1FF0-4C3A-BAD1-1B5753C6CBE6}"
EndProject
Project("{FAE04EC0-301F-11D3-BF4B-00C04F79EFBC}") = "Chapter5.LogAn", "Chapter5.LogAn\Chapter5.LogAn.csproj", "{5C882E57-AF0A-45B1-9625-C457FD2BD177}"
EndProject
Project("{FAE04EC0-301F-11D3-BF4B-00C04F79EFBC}") = "NSubExamples", "NSubExamples\NSubExamples.csproj", "{E3CFEBD1-3F23-46A5-8735-B800D5943026}"
EndProject
Project("{2150E333-8FDC-42A3-9474-1A3956D46DE8}") = "Chapter5_files", "Chapter5_files", "{27F1EFA6-99C5-4AF5-89C6-77179B08652D}"
EndProject
Project("{2150E333-8FDC-42A3-9474-1A3956D46DE8}") = "Chapter7_files", "Chapter7_files", "{D2E126E2-D8C2-4698-960A-46ED0803F6B3}"
EndProject
Project("{FAE04EC0-301F-11D3-BF4B-00C04F79EFBC}") = "Examples", "Examples\Examples.csproj", "{A1C96F22-D774-44F7-ABF2-286EEC683214}"
EndProject
Project("{FAE04EC0-301F-11D3-BF4B-00C04F79EFBC}") = "Examples.Tests", "Examples.Tests\Examples.Tests.csproj", "{A71F8266-4F3C-465F-8B7C-35DFF02ED6F9}"
EndProject
Project("{2150E333-8FDC-42A3-9474-1A3956D46DE8}") = "AppendixB", "AppendixB", "{59ECD64D-36BE-461E-8659-C34A752A760B}"
EndProject
Project("{FAE04EC0-301F-11D3-BF4B-00C04F79EFBC}") = "AppendixB.IntegrationTests", "AppendixBDemos\AppendixB.IntegrationTests.csproj", "{FC658D10-C618-4451-B131-D0370C6A5C00}"
EndProject
Project("{2150E333-8FDC-42A3-9474-1A3956D46DE8}") = "Chapter2_files_copy", "Chapter2_files_copy", "{F56DA426-0B5D-4ABF-8CDD-D394587DE8F8}"
EndProject
Project("{9A19103F-16F7-4668-BE54-9A1E7A4F7556}") = "LogAn_copy", "LogAn_copy\LogAn_copy.csproj", "{81625A71-BE42-4B90-8FAB-25D799AA3C74}"
EndProject
Project("{9A19103F-16F7-4668-BE54-9A1E7A4F7556}") = "LogAn_copy.UnitTests", "LogAn_copy.UnitTests\LogAn_copy.UnitTests.csproj", "{BF8C6C04-738F-4013-8E50-C391573F370E}"
EndProject
Project("{2150E333-8FDC-42A3-9474-1A3956D46DE8}") = "CodeWars", "CodeWars", "{D6519B6B-C0B0-4C3F-BBB1-DAE2EEF37CBE}"
EndProject
Project("{9A19103F-16F7-4668-BE54-9A1E7A4F7556}") = "6kyu", "6kyu\6kyu.csproj", "{BB0A01C3-19CB-4FDA-901A-0E2C79E8DAFB}"
EndProject
Project("{9A19103F-16F7-4668-BE54-9A1E7A4F7556}") = "6kyu.Tests", "6kyu.Tests\6kyu.Tests.csproj", "{9302D009-C86A-489B-BCA0-8A9F96B12B01}"
EndProject
Project("{2150E333-8FDC-42A3-9474-1A3956D46DE8}") = "Chapter3_Files", "Chapter3_Files", "{B9BF7C6F-86A8-4A45-A3D4-EFC53F6F25CE}"
EndProject
Project("{9A19103F-16F7-4668-BE54-9A1E7A4F7556}") = "LogAn_C3", "LogAn_C3\LogAn_C3.csproj", "{640D9565-745E-45D8-B166-1931D11A155D}"
EndProject
Project("{9A19103F-16F7-4668-BE54-9A1E7A4F7556}") = "LogAn_C3.UnitTests", "LogAn_C3.UnitTests\LogAn_C3.UnitTests.csproj", "{BCA19ADD-20C6-4364-94F9-6F34C29EBD9A}"
EndProject
Project("{9A19103F-16F7-4668-BE54-9A1E7A4F7556}") = "7kyu", "7kyu\7kyu.csproj", "{2A178677-2D09-488E-A66B-823703963B56}"
EndProject
Project("{9A19103F-16F7-4668-BE54-9A1E7A4F7556}") = "7kyu.Tests", "7kyu.Tests\7kyu.Tests.csproj", "{6AD73134-D509-4742-A860-E4A681BE0B44}"
EndProject
Project("{FAE04EC0-301F-11D3-BF4B-00C04F79EFBC}") = "HigherOrderAbstractions", "HigherOrderAbstractions\HigherOrderAbstractions.csproj", "{4B3F05F5-BE78-4838-A8D8-57F53756F7AF}"
EndProject
Project("{FAE04EC0-301F-11D3-BF4B-00C04F79EFBC}") = "HigherOrderAbstractions.Tests", "HigherOrderAbstractions.Tests\HigherOrderAbstractions.Tests.csproj", "{72C63EAA-E016-4ED8-A601-1DE748B858D7}"
EndProject
Global
	GlobalSection(SolutionConfigurationPlatforms) = preSolution
		Debug|Any CPU = Debug|Any CPU
		Debug|Mixed Platforms = Debug|Mixed Platforms
		Debug|x86 = Debug|x86
		Release|Any CPU = Release|Any CPU
		Release|Mixed Platforms = Release|Mixed Platforms
		Release|x86 = Release|x86
	EndGlobalSection
	GlobalSection(ProjectConfigurationPlatforms) = postSolution
		{0B5314B7-3E65-42C4-8C92-BF75CAEAB880}.Debug|Any CPU.ActiveCfg = Debug|Any CPU
		{0B5314B7-3E65-42C4-8C92-BF75CAEAB880}.Debug|Any CPU.Build.0 = Debug|Any CPU
		{0B5314B7-3E65-42C4-8C92-BF75CAEAB880}.Debug|Mixed Platforms.ActiveCfg = Debug|Any CPU
		{0B5314B7-3E65-42C4-8C92-BF75CAEAB880}.Debug|Mixed Platforms.Build.0 = Debug|Any CPU
		{0B5314B7-3E65-42C4-8C92-BF75CAEAB880}.Debug|x86.ActiveCfg = Debug|Any CPU
		{0B5314B7-3E65-42C4-8C92-BF75CAEAB880}.Release|Any CPU.ActiveCfg = Release|Any CPU
		{0B5314B7-3E65-42C4-8C92-BF75CAEAB880}.Release|Any CPU.Build.0 = Release|Any CPU
		{0B5314B7-3E65-42C4-8C92-BF75CAEAB880}.Release|Mixed Platforms.ActiveCfg = Release|Any CPU
		{0B5314B7-3E65-42C4-8C92-BF75CAEAB880}.Release|Mixed Platforms.Build.0 = Release|Any CPU
		{0B5314B7-3E65-42C4-8C92-BF75CAEAB880}.Release|x86.ActiveCfg = Release|Any CPU
		{4F237F66-94F2-4EC5-A994-4DC931824946}.Debug|Any CPU.ActiveCfg = Debug|x86
		{4F237F66-94F2-4EC5-A994-4DC931824946}.Debug|Mixed Platforms.ActiveCfg = Debug|x86
		{4F237F66-94F2-4EC5-A994-4DC931824946}.Debug|Mixed Platforms.Build.0 = Debug|x86
		{4F237F66-94F2-4EC5-A994-4DC931824946}.Debug|x86.ActiveCfg = Debug|x86
		{4F237F66-94F2-4EC5-A994-4DC931824946}.Debug|x86.Build.0 = Debug|x86
		{4F237F66-94F2-4EC5-A994-4DC931824946}.Release|Any CPU.ActiveCfg = Release|x86
		{4F237F66-94F2-4EC5-A994-4DC931824946}.Release|Mixed Platforms.ActiveCfg = Release|x86
		{4F237F66-94F2-4EC5-A994-4DC931824946}.Release|Mixed Platforms.Build.0 = Release|x86
		{4F237F66-94F2-4EC5-A994-4DC931824946}.Release|x86.ActiveCfg = Release|x86
		{4F237F66-94F2-4EC5-A994-4DC931824946}.Release|x86.Build.0 = Release|x86
		{BA5CBC16-CF26-4E06-B31F-A30F3FADDFE6}.Debug|Any CPU.ActiveCfg = Debug|Any CPU
		{BA5CBC16-CF26-4E06-B31F-A30F3FADDFE6}.Debug|Any CPU.Build.0 = Debug|Any CPU
		{BA5CBC16-CF26-4E06-B31F-A30F3FADDFE6}.Debug|Mixed Platforms.ActiveCfg = Debug|Any CPU
		{BA5CBC16-CF26-4E06-B31F-A30F3FADDFE6}.Debug|Mixed Platforms.Build.0 = Debug|Any CPU
		{BA5CBC16-CF26-4E06-B31F-A30F3FADDFE6}.Debug|x86.ActiveCfg = Debug|Any CPU
		{BA5CBC16-CF26-4E06-B31F-A30F3FADDFE6}.Release|Any CPU.ActiveCfg = Release|Any CPU
		{BA5CBC16-CF26-4E06-B31F-A30F3FADDFE6}.Release|Any CPU.Build.0 = Release|Any CPU
		{BA5CBC16-CF26-4E06-B31F-A30F3FADDFE6}.Release|Mixed Platforms.ActiveCfg = Release|Any CPU
		{BA5CBC16-CF26-4E06-B31F-A30F3FADDFE6}.Release|Mixed Platforms.Build.0 = Release|Any CPU
		{BA5CBC16-CF26-4E06-B31F-A30F3FADDFE6}.Release|x86.ActiveCfg = Release|Any CPU
		{EDC599EF-1FF0-4C3A-BAD1-1B5753C6CBE6}.Debug|Any CPU.ActiveCfg = Debug|Any CPU
		{EDC599EF-1FF0-4C3A-BAD1-1B5753C6CBE6}.Debug|Any CPU.Build.0 = Debug|Any CPU
		{EDC599EF-1FF0-4C3A-BAD1-1B5753C6CBE6}.Debug|Mixed Platforms.ActiveCfg = Debug|Any CPU
		{EDC599EF-1FF0-4C3A-BAD1-1B5753C6CBE6}.Debug|Mixed Platforms.Build.0 = Debug|Any CPU
		{EDC599EF-1FF0-4C3A-BAD1-1B5753C6CBE6}.Debug|x86.ActiveCfg = Debug|Any CPU
		{EDC599EF-1FF0-4C3A-BAD1-1B5753C6CBE6}.Release|Any CPU.ActiveCfg = Release|Any CPU
		{EDC599EF-1FF0-4C3A-BAD1-1B5753C6CBE6}.Release|Any CPU.Build.0 = Release|Any CPU
		{EDC599EF-1FF0-4C3A-BAD1-1B5753C6CBE6}.Release|Mixed Platforms.ActiveCfg = Release|Any CPU
		{EDC599EF-1FF0-4C3A-BAD1-1B5753C6CBE6}.Release|Mixed Platforms.Build.0 = Release|Any CPU
		{EDC599EF-1FF0-4C3A-BAD1-1B5753C6CBE6}.Release|x86.ActiveCfg = Release|Any CPU
		{5C882E57-AF0A-45B1-9625-C457FD2BD177}.Debug|Any CPU.ActiveCfg = Debug|Any CPU
		{5C882E57-AF0A-45B1-9625-C457FD2BD177}.Debug|Any CPU.Build.0 = Debug|Any CPU
		{5C882E57-AF0A-45B1-9625-C457FD2BD177}.Debug|Mixed Platforms.ActiveCfg = Debug|Any CPU
		{5C882E57-AF0A-45B1-9625-C457FD2BD177}.Debug|Mixed Platforms.Build.0 = Debug|Any CPU
		{5C882E57-AF0A-45B1-9625-C457FD2BD177}.Debug|x86.ActiveCfg = Debug|Any CPU
		{5C882E57-AF0A-45B1-9625-C457FD2BD177}.Release|Any CPU.ActiveCfg = Release|Any CPU
		{5C882E57-AF0A-45B1-9625-C457FD2BD177}.Release|Any CPU.Build.0 = Release|Any CPU
		{5C882E57-AF0A-45B1-9625-C457FD2BD177}.Release|Mixed Platforms.ActiveCfg = Release|Any CPU
		{5C882E57-AF0A-45B1-9625-C457FD2BD177}.Release|Mixed Platforms.Build.0 = Release|Any CPU
		{5C882E57-AF0A-45B1-9625-C457FD2BD177}.Release|x86.ActiveCfg = Release|Any CPU
		{E3CFEBD1-3F23-46A5-8735-B800D5943026}.Debug|Any CPU.ActiveCfg = Debug|Any CPU
		{E3CFEBD1-3F23-46A5-8735-B800D5943026}.Debug|Any CPU.Build.0 = Debug|Any CPU
		{E3CFEBD1-3F23-46A5-8735-B800D5943026}.Debug|Mixed Platforms.ActiveCfg = Debug|Any CPU
		{E3CFEBD1-3F23-46A5-8735-B800D5943026}.Debug|Mixed Platforms.Build.0 = Debug|Any CPU
		{E3CFEBD1-3F23-46A5-8735-B800D5943026}.Debug|x86.ActiveCfg = Debug|Any CPU
		{E3CFEBD1-3F23-46A5-8735-B800D5943026}.Release|Any CPU.ActiveCfg = Release|Any CPU
		{E3CFEBD1-3F23-46A5-8735-B800D5943026}.Release|Any CPU.Build.0 = Release|Any CPU
		{E3CFEBD1-3F23-46A5-8735-B800D5943026}.Release|Mixed Platforms.ActiveCfg = Release|Any CPU
		{E3CFEBD1-3F23-46A5-8735-B800D5943026}.Release|Mixed Platforms.Build.0 = Release|Any CPU
		{E3CFEBD1-3F23-46A5-8735-B800D5943026}.Release|x86.ActiveCfg = Release|Any CPU
		{A1C96F22-D774-44F7-ABF2-286EEC683214}.Debug|Any CPU.ActiveCfg = Debug|x86
		{A1C96F22-D774-44F7-ABF2-286EEC683214}.Debug|Mixed Platforms.ActiveCfg = Debug|x86
		{A1C96F22-D774-44F7-ABF2-286EEC683214}.Debug|Mixed Platforms.Build.0 = Debug|x86
		{A1C96F22-D774-44F7-ABF2-286EEC683214}.Debug|x86.ActiveCfg = Debug|x86
		{A1C96F22-D774-44F7-ABF2-286EEC683214}.Debug|x86.Build.0 = Debug|x86
		{A1C96F22-D774-44F7-ABF2-286EEC683214}.Release|Any CPU.ActiveCfg = Release|x86
		{A1C96F22-D774-44F7-ABF2-286EEC683214}.Release|Mixed Platforms.ActiveCfg = Release|x86
		{A1C96F22-D774-44F7-ABF2-286EEC683214}.Release|Mixed Platforms.Build.0 = Release|x86
		{A1C96F22-D774-44F7-ABF2-286EEC683214}.Release|x86.ActiveCfg = Release|x86
		{A1C96F22-D774-44F7-ABF2-286EEC683214}.Release|x86.Build.0 = Release|x86
		{A71F8266-4F3C-465F-8B7C-35DFF02ED6F9}.Debug|Any CPU.ActiveCfg = Debug|Any CPU
		{A71F8266-4F3C-465F-8B7C-35DFF02ED6F9}.Debug|Any CPU.Build.0 = Debug|Any CPU
		{A71F8266-4F3C-465F-8B7C-35DFF02ED6F9}.Debug|Mixed Platforms.ActiveCfg = Debug|x86
		{A71F8266-4F3C-465F-8B7C-35DFF02ED6F9}.Debug|Mixed Platforms.Build.0 = Debug|x86
		{A71F8266-4F3C-465F-8B7C-35DFF02ED6F9}.Debug|x86.ActiveCfg = Debug|Any CPU
		{A71F8266-4F3C-465F-8B7C-35DFF02ED6F9}.Release|Any CPU.ActiveCfg = Release|Any CPU
		{A71F8266-4F3C-465F-8B7C-35DFF02ED6F9}.Release|Any CPU.Build.0 = Release|Any CPU
		{A71F8266-4F3C-465F-8B7C-35DFF02ED6F9}.Release|Mixed Platforms.ActiveCfg = Release|Any CPU
		{A71F8266-4F3C-465F-8B7C-35DFF02ED6F9}.Release|Mixed Platforms.Build.0 = Release|Any CPU
		{A71F8266-4F3C-465F-8B7C-35DFF02ED6F9}.Release|x86.ActiveCfg = Release|Any CPU
		{FC658D10-C618-4451-B131-D0370C6A5C00}.Debug|Any CPU.ActiveCfg = Debug|Any CPU
		{FC658D10-C618-4451-B131-D0370C6A5C00}.Debug|Any CPU.Build.0 = Debug|Any CPU
		{FC658D10-C618-4451-B131-D0370C6A5C00}.Debug|Mixed Platforms.ActiveCfg = Debug|Any CPU
		{FC658D10-C618-4451-B131-D0370C6A5C00}.Debug|Mixed Platforms.Build.0 = Debug|Any CPU
		{FC658D10-C618-4451-B131-D0370C6A5C00}.Debug|x86.ActiveCfg = Debug|Any CPU
		{FC658D10-C618-4451-B131-D0370C6A5C00}.Release|Any CPU.ActiveCfg = Release|Any CPU
		{FC658D10-C618-4451-B131-D0370C6A5C00}.Release|Any CPU.Build.0 = Release|Any CPU
		{FC658D10-C618-4451-B131-D0370C6A5C00}.Release|Mixed Platforms.ActiveCfg = Release|Any CPU
		{FC658D10-C618-4451-B131-D0370C6A5C00}.Release|Mixed Platforms.Build.0 = Release|Any CPU
		{FC658D10-C618-4451-B131-D0370C6A5C00}.Release|x86.ActiveCfg = Release|Any CPU
		{81625A71-BE42-4B90-8FAB-25D799AA3C74}.Debug|Any CPU.ActiveCfg = Debug|Any CPU
		{81625A71-BE42-4B90-8FAB-25D799AA3C74}.Debug|Any CPU.Build.0 = Debug|Any CPU
		{81625A71-BE42-4B90-8FAB-25D799AA3C74}.Debug|Mixed Platforms.ActiveCfg = Debug|Any CPU
		{81625A71-BE42-4B90-8FAB-25D799AA3C74}.Debug|Mixed Platforms.Build.0 = Debug|Any CPU
		{81625A71-BE42-4B90-8FAB-25D799AA3C74}.Debug|x86.ActiveCfg = Debug|Any CPU
		{81625A71-BE42-4B90-8FAB-25D799AA3C74}.Debug|x86.Build.0 = Debug|Any CPU
		{81625A71-BE42-4B90-8FAB-25D799AA3C74}.Release|Any CPU.ActiveCfg = Release|Any CPU
		{81625A71-BE42-4B90-8FAB-25D799AA3C74}.Release|Any CPU.Build.0 = Release|Any CPU
		{81625A71-BE42-4B90-8FAB-25D799AA3C74}.Release|Mixed Platforms.ActiveCfg = Release|Any CPU
		{81625A71-BE42-4B90-8FAB-25D799AA3C74}.Release|Mixed Platforms.Build.0 = Release|Any CPU
		{81625A71-BE42-4B90-8FAB-25D799AA3C74}.Release|x86.ActiveCfg = Release|Any CPU
		{81625A71-BE42-4B90-8FAB-25D799AA3C74}.Release|x86.Build.0 = Release|Any CPU
		{BF8C6C04-738F-4013-8E50-C391573F370E}.Debug|Any CPU.ActiveCfg = Debug|Any CPU
		{BF8C6C04-738F-4013-8E50-C391573F370E}.Debug|Any CPU.Build.0 = Debug|Any CPU
		{BF8C6C04-738F-4013-8E50-C391573F370E}.Debug|Mixed Platforms.ActiveCfg = Debug|Any CPU
		{BF8C6C04-738F-4013-8E50-C391573F370E}.Debug|Mixed Platforms.Build.0 = Debug|Any CPU
		{BF8C6C04-738F-4013-8E50-C391573F370E}.Debug|x86.ActiveCfg = Debug|Any CPU
		{BF8C6C04-738F-4013-8E50-C391573F370E}.Debug|x86.Build.0 = Debug|Any CPU
		{BF8C6C04-738F-4013-8E50-C391573F370E}.Release|Any CPU.ActiveCfg = Release|Any CPU
		{BF8C6C04-738F-4013-8E50-C391573F370E}.Release|Any CPU.Build.0 = Release|Any CPU
		{BF8C6C04-738F-4013-8E50-C391573F370E}.Release|Mixed Platforms.ActiveCfg = Release|Any CPU
		{BF8C6C04-738F-4013-8E50-C391573F370E}.Release|Mixed Platforms.Build.0 = Release|Any CPU
		{BF8C6C04-738F-4013-8E50-C391573F370E}.Release|x86.ActiveCfg = Release|Any CPU
		{BF8C6C04-738F-4013-8E50-C391573F370E}.Release|x86.Build.0 = Release|Any CPU
		{BB0A01C3-19CB-4FDA-901A-0E2C79E8DAFB}.Debug|Any CPU.ActiveCfg = Debug|Any CPU
		{BB0A01C3-19CB-4FDA-901A-0E2C79E8DAFB}.Debug|Any CPU.Build.0 = Debug|Any CPU
		{BB0A01C3-19CB-4FDA-901A-0E2C79E8DAFB}.Debug|Mixed Platforms.ActiveCfg = Debug|Any CPU
		{BB0A01C3-19CB-4FDA-901A-0E2C79E8DAFB}.Debug|Mixed Platforms.Build.0 = Debug|Any CPU
		{BB0A01C3-19CB-4FDA-901A-0E2C79E8DAFB}.Debug|x86.ActiveCfg = Debug|Any CPU
		{BB0A01C3-19CB-4FDA-901A-0E2C79E8DAFB}.Debug|x86.Build.0 = Debug|Any CPU
		{BB0A01C3-19CB-4FDA-901A-0E2C79E8DAFB}.Release|Any CPU.ActiveCfg = Release|Any CPU
		{BB0A01C3-19CB-4FDA-901A-0E2C79E8DAFB}.Release|Any CPU.Build.0 = Release|Any CPU
		{BB0A01C3-19CB-4FDA-901A-0E2C79E8DAFB}.Release|Mixed Platforms.ActiveCfg = Release|Any CPU
		{BB0A01C3-19CB-4FDA-901A-0E2C79E8DAFB}.Release|Mixed Platforms.Build.0 = Release|Any CPU
		{BB0A01C3-19CB-4FDA-901A-0E2C79E8DAFB}.Release|x86.ActiveCfg = Release|Any CPU
		{BB0A01C3-19CB-4FDA-901A-0E2C79E8DAFB}.Release|x86.Build.0 = Release|Any CPU
		{9302D009-C86A-489B-BCA0-8A9F96B12B01}.Debug|Any CPU.ActiveCfg = Debug|Any CPU
		{9302D009-C86A-489B-BCA0-8A9F96B12B01}.Debug|Any CPU.Build.0 = Debug|Any CPU
		{9302D009-C86A-489B-BCA0-8A9F96B12B01}.Debug|Mixed Platforms.ActiveCfg = Debug|Any CPU
		{9302D009-C86A-489B-BCA0-8A9F96B12B01}.Debug|Mixed Platforms.Build.0 = Debug|Any CPU
		{9302D009-C86A-489B-BCA0-8A9F96B12B01}.Debug|x86.ActiveCfg = Debug|Any CPU
		{9302D009-C86A-489B-BCA0-8A9F96B12B01}.Debug|x86.Build.0 = Debug|Any CPU
		{9302D009-C86A-489B-BCA0-8A9F96B12B01}.Release|Any CPU.ActiveCfg = Release|Any CPU
		{9302D009-C86A-489B-BCA0-8A9F96B12B01}.Release|Any CPU.Build.0 = Release|Any CPU
		{9302D009-C86A-489B-BCA0-8A9F96B12B01}.Release|Mixed Platforms.ActiveCfg = Release|Any CPU
		{9302D009-C86A-489B-BCA0-8A9F96B12B01}.Release|Mixed Platforms.Build.0 = Release|Any CPU
		{9302D009-C86A-489B-BCA0-8A9F96B12B01}.Release|x86.ActiveCfg = Release|Any CPU
		{9302D009-C86A-489B-BCA0-8A9F96B12B01}.Release|x86.Build.0 = Release|Any CPU
		{640D9565-745E-45D8-B166-1931D11A155D}.Debug|Any CPU.ActiveCfg = Debug|Any CPU
		{640D9565-745E-45D8-B166-1931D11A155D}.Debug|Any CPU.Build.0 = Debug|Any CPU
		{640D9565-745E-45D8-B166-1931D11A155D}.Debug|Mixed Platforms.ActiveCfg = Debug|Any CPU
		{640D9565-745E-45D8-B166-1931D11A155D}.Debug|Mixed Platforms.Build.0 = Debug|Any CPU
		{640D9565-745E-45D8-B166-1931D11A155D}.Debug|x86.ActiveCfg = Debug|Any CPU
		{640D9565-745E-45D8-B166-1931D11A155D}.Debug|x86.Build.0 = Debug|Any CPU
		{640D9565-745E-45D8-B166-1931D11A155D}.Release|Any CPU.ActiveCfg = Release|Any CPU
		{640D9565-745E-45D8-B166-1931D11A155D}.Release|Any CPU.Build.0 = Release|Any CPU
		{640D9565-745E-45D8-B166-1931D11A155D}.Release|Mixed Platforms.ActiveCfg = Release|Any CPU
		{640D9565-745E-45D8-B166-1931D11A155D}.Release|Mixed Platforms.Build.0 = Release|Any CPU
		{640D9565-745E-45D8-B166-1931D11A155D}.Release|x86.ActiveCfg = Release|Any CPU
		{640D9565-745E-45D8-B166-1931D11A155D}.Release|x86.Build.0 = Release|Any CPU
		{BCA19ADD-20C6-4364-94F9-6F34C29EBD9A}.Debug|Any CPU.ActiveCfg = Debug|Any CPU
		{BCA19ADD-20C6-4364-94F9-6F34C29EBD9A}.Debug|Any CPU.Build.0 = Debug|Any CPU
		{BCA19ADD-20C6-4364-94F9-6F34C29EBD9A}.Debug|Mixed Platforms.ActiveCfg = Debug|Any CPU
		{BCA19ADD-20C6-4364-94F9-6F34C29EBD9A}.Debug|Mixed Platforms.Build.0 = Debug|Any CPU
		{BCA19ADD-20C6-4364-94F9-6F34C29EBD9A}.Debug|x86.ActiveCfg = Debug|Any CPU
		{BCA19ADD-20C6-4364-94F9-6F34C29EBD9A}.Debug|x86.Build.0 = Debug|Any CPU
		{BCA19ADD-20C6-4364-94F9-6F34C29EBD9A}.Release|Any CPU.ActiveCfg = Release|Any CPU
		{BCA19ADD-20C6-4364-94F9-6F34C29EBD9A}.Release|Any CPU.Build.0 = Release|Any CPU
		{BCA19ADD-20C6-4364-94F9-6F34C29EBD9A}.Release|Mixed Platforms.ActiveCfg = Release|Any CPU
		{BCA19ADD-20C6-4364-94F9-6F34C29EBD9A}.Release|Mixed Platforms.Build.0 = Release|Any CPU
		{BCA19ADD-20C6-4364-94F9-6F34C29EBD9A}.Release|x86.ActiveCfg = Release|Any CPU
		{BCA19ADD-20C6-4364-94F9-6F34C29EBD9A}.Release|x86.Build.0 = Release|Any CPU
		{2A178677-2D09-488E-A66B-823703963B56}.Debug|Any CPU.ActiveCfg = Debug|Any CPU
		{2A178677-2D09-488E-A66B-823703963B56}.Debug|Any CPU.Build.0 = Debug|Any CPU
		{2A178677-2D09-488E-A66B-823703963B56}.Debug|Mixed Platforms.ActiveCfg = Debug|Any CPU
		{2A178677-2D09-488E-A66B-823703963B56}.Debug|Mixed Platforms.Build.0 = Debug|Any CPU
		{2A178677-2D09-488E-A66B-823703963B56}.Debug|x86.ActiveCfg = Debug|Any CPU
		{2A178677-2D09-488E-A66B-823703963B56}.Debug|x86.Build.0 = Debug|Any CPU
		{2A178677-2D09-488E-A66B-823703963B56}.Release|Any CPU.ActiveCfg = Release|Any CPU
		{2A178677-2D09-488E-A66B-823703963B56}.Release|Any CPU.Build.0 = Release|Any CPU
		{2A178677-2D09-488E-A66B-823703963B56}.Release|Mixed Platforms.ActiveCfg = Release|Any CPU
		{2A178677-2D09-488E-A66B-823703963B56}.Release|Mixed Platforms.Build.0 = Release|Any CPU
		{2A178677-2D09-488E-A66B-823703963B56}.Release|x86.ActiveCfg = Release|Any CPU
		{2A178677-2D09-488E-A66B-823703963B56}.Release|x86.Build.0 = Release|Any CPU
		{6AD73134-D509-4742-A860-E4A681BE0B44}.Debug|Any CPU.ActiveCfg = Debug|Any CPU
		{6AD73134-D509-4742-A860-E4A681BE0B44}.Debug|Any CPU.Build.0 = Debug|Any CPU
		{6AD73134-D509-4742-A860-E4A681BE0B44}.Debug|Mixed Platforms.ActiveCfg = Debug|Any CPU
		{6AD73134-D509-4742-A860-E4A681BE0B44}.Debug|Mixed Platforms.Build.0 = Debug|Any CPU
		{6AD73134-D509-4742-A860-E4A681BE0B44}.Debug|x86.ActiveCfg = Debug|Any CPU
		{6AD73134-D509-4742-A860-E4A681BE0B44}.Debug|x86.Build.0 = Debug|Any CPU
		{6AD73134-D509-4742-A860-E4A681BE0B44}.Release|Any CPU.ActiveCfg = Release|Any CPU
		{6AD73134-D509-4742-A860-E4A681BE0B44}.Release|Any CPU.Build.0 = Release|Any CPU
		{6AD73134-D509-4742-A860-E4A681BE0B44}.Release|Mixed Platforms.ActiveCfg = Release|Any CPU
		{6AD73134-D509-4742-A860-E4A681BE0B44}.Release|Mixed Platforms.Build.0 = Release|Any CPU
		{6AD73134-D509-4742-A860-E4A681BE0B44}.Release|x86.ActiveCfg = Release|Any CPU
		{6AD73134-D509-4742-A860-E4A681BE0B44}.Release|x86.Build.0 = Release|Any CPU
		{4B3F05F5-BE78-4838-A8D8-57F53756F7AF}.Debug|Any CPU.ActiveCfg = Debug|Any CPU
		{4B3F05F5-BE78-4838-A8D8-57F53756F7AF}.Debug|Any CPU.Build.0 = Debug|Any CPU
		{4B3F05F5-BE78-4838-A8D8-57F53756F7AF}.Debug|Mixed Platforms.ActiveCfg = Debug|Any CPU
		{4B3F05F5-BE78-4838-A8D8-57F53756F7AF}.Debug|Mixed Platforms.Build.0 = Debug|Any CPU
		{4B3F05F5-BE78-4838-A8D8-57F53756F7AF}.Debug|x86.ActiveCfg = Debug|Any CPU
		{4B3F05F5-BE78-4838-A8D8-57F53756F7AF}.Debug|x86.Build.0 = Debug|Any CPU
		{4B3F05F5-BE78-4838-A8D8-57F53756F7AF}.Release|Any CPU.ActiveCfg = Release|Any CPU
		{4B3F05F5-BE78-4838-A8D8-57F53756F7AF}.Release|Any CPU.Build.0 = Release|Any CPU
		{4B3F05F5-BE78-4838-A8D8-57F53756F7AF}.Release|Mixed Platforms.ActiveCfg = Release|Any CPU
		{4B3F05F5-BE78-4838-A8D8-57F53756F7AF}.Release|Mixed Platforms.Build.0 = Release|Any CPU
		{4B3F05F5-BE78-4838-A8D8-57F53756F7AF}.Release|x86.ActiveCfg = Release|Any CPU
		{4B3F05F5-BE78-4838-A8D8-57F53756F7AF}.Release|x86.Build.0 = Release|Any CPU
		{72C63EAA-E016-4ED8-A601-1DE748B858D7}.Debug|Any CPU.ActiveCfg = Debug|Any CPU
		{72C63EAA-E016-4ED8-A601-1DE748B858D7}.Debug|Any CPU.Build.0 = Debug|Any CPU
		{72C63EAA-E016-4ED8-A601-1DE748B858D7}.Debug|Mixed Platforms.ActiveCfg = Debug|Any CPU
		{72C63EAA-E016-4ED8-A601-1DE748B858D7}.Debug|Mixed Platforms.Build.0 = Debug|Any CPU
		{72C63EAA-E016-4ED8-A601-1DE748B858D7}.Debug|x86.ActiveCfg = Debug|Any CPU
		{72C63EAA-E016-4ED8-A601-1DE748B858D7}.Debug|x86.Build.0 = Debug|Any CPU
		{72C63EAA-E016-4ED8-A601-1DE748B858D7}.Release|Any CPU.ActiveCfg = Release|Any CPU
		{72C63EAA-E016-4ED8-A601-1DE748B858D7}.Release|Any CPU.Build.0 = Release|Any CPU
		{72C63EAA-E016-4ED8-A601-1DE748B858D7}.Release|Mixed Platforms.ActiveCfg = Release|Any CPU
		{72C63EAA-E016-4ED8-A601-1DE748B858D7}.Release|Mixed Platforms.Build.0 = Release|Any CPU
		{72C63EAA-E016-4ED8-A601-1DE748B858D7}.Release|x86.ActiveCfg = Release|Any CPU
		{72C63EAA-E016-4ED8-A601-1DE748B858D7}.Release|x86.Build.0 = Release|Any CPU
	EndGlobalSection
	GlobalSection(SolutionProperties) = preSolution
		HideSolutionNode = FALSE
	EndGlobalSection
	GlobalSection(NestedProjects) = preSolution
		{0B5314B7-3E65-42C4-8C92-BF75CAEAB880} = {3CCB3D2A-F4A7-4C95-8439-4CC3E84990C9}
		{4F237F66-94F2-4EC5-A994-4DC931824946} = {3CCB3D2A-F4A7-4C95-8439-4CC3E84990C9}
		{BA5CBC16-CF26-4E06-B31F-A30F3FADDFE6} = {DBC1F3A7-3453-4686-9012-BAC0B9EFA479}
		{EDC599EF-1FF0-4C3A-BAD1-1B5753C6CBE6} = {DBC1F3A7-3453-4686-9012-BAC0B9EFA479}
		{5C882E57-AF0A-45B1-9625-C457FD2BD177} = {27F1EFA6-99C5-4AF5-89C6-77179B08652D}
		{E3CFEBD1-3F23-46A5-8735-B800D5943026} = {27F1EFA6-99C5-4AF5-89C6-77179B08652D}
		{A1C96F22-D774-44F7-ABF2-286EEC683214} = {D2E126E2-D8C2-4698-960A-46ED0803F6B3}
		{A71F8266-4F3C-465F-8B7C-35DFF02ED6F9} = {D2E126E2-D8C2-4698-960A-46ED0803F6B3}
		{FC658D10-C618-4451-B131-D0370C6A5C00} = {59ECD64D-36BE-461E-8659-C34A752A760B}
		{81625A71-BE42-4B90-8FAB-25D799AA3C74} = {F56DA426-0B5D-4ABF-8CDD-D394587DE8F8}
		{BF8C6C04-738F-4013-8E50-C391573F370E} = {F56DA426-0B5D-4ABF-8CDD-D394587DE8F8}
		{BB0A01C3-19CB-4FDA-901A-0E2C79E8DAFB} = {D6519B6B-C0B0-4C3F-BBB1-DAE2EEF37CBE}
		{9302D009-C86A-489B-BCA0-8A9F96B12B01} = {D6519B6B-C0B0-4C3F-BBB1-DAE2EEF37CBE}
		{640D9565-745E-45D8-B166-1931D11A155D} = {B9BF7C6F-86A8-4A45-A3D4-EFC53F6F25CE}
		{BCA19ADD-20C6-4364-94F9-6F34C29EBD9A} = {B9BF7C6F-86A8-4A45-A3D4-EFC53F6F25CE}
		{2A178677-2D09-488E-A66B-823703963B56} = {D6519B6B-C0B0-4C3F-BBB1-DAE2EEF37CBE}
		{6AD73134-D509-4742-A860-E4A681BE0B44} = {D6519B6B-C0B0-4C3F-BBB1-DAE2EEF37CBE}
		{4B3F05F5-BE78-4838-A8D8-57F53756F7AF} = {D6519B6B-C0B0-4C3F-BBB1-DAE2EEF37CBE}
		{72C63EAA-E016-4ED8-A601-1DE748B858D7} = {D6519B6B-C0B0-4C3F-BBB1-DAE2EEF37CBE}
	EndGlobalSection
	GlobalSection(ExtensibilityGlobals) = postSolution
		SolutionGuid = {338C7652-1EB0-40E3-A25C-D57737EA5362}
	EndGlobalSection
EndGlobal
